// !$*UTF8*$!
{
	archiveVersion = 1;
	classes = {
	};
	objectVersion = 50;
	objects = {

/* Begin PBXBuildFile section */
		CA84B40222895C0800865741 /* AppDelegate.swift in Sources */ = {isa = PBXBuildFile; fileRef = CA84B40122895C0800865741 /* AppDelegate.swift */; };
		CA84B40422895C0800865741 /* ViewController.swift in Sources */ = {isa = PBXBuildFile; fileRef = CA84B40322895C0800865741 /* ViewController.swift */; };
		CA84B40722895C0800865741 /* Main.storyboard in Resources */ = {isa = PBXBuildFile; fileRef = CA84B40522895C0800865741 /* Main.storyboard */; };
		CA84B40922895C0A00865741 /* Assets.xcassets in Resources */ = {isa = PBXBuildFile; fileRef = CA84B40822895C0A00865741 /* Assets.xcassets */; };
		CA84B40C22895C0A00865741 /* LaunchScreen.storyboard in Resources */ = {isa = PBXBuildFile; fileRef = CA84B40A22895C0A00865741 /* LaunchScreen.storyboard */; };
		CA84B41422895EB400865741 /* ReferenceValue.swift in Sources */ = {isa = PBXBuildFile; fileRef = CA84B41322895EB400865741 /* ReferenceValue.swift */; };
		CAAC49B82295F40000D5E533 /* NextViewController.swift in Sources */ = {isa = PBXBuildFile; fileRef = CAAC49B72295F40000D5E533 /* NextViewController.swift */; };
/* End PBXBuildFile section */

/* Begin PBXFileReference section */
		CA84B3FE22895C0800865741 /* CoreLocationSample.app */ = {isa = PBXFileReference; explicitFileType = wrapper.application; includeInIndex = 0; path = CoreLocationSample.app; sourceTree = BUILT_PRODUCTS_DIR; };
		CA84B40122895C0800865741 /* AppDelegate.swift */ = {isa = PBXFileReference; lastKnownFileType = sourcecode.swift; path = AppDelegate.swift; sourceTree = "<group>"; };
		CA84B40322895C0800865741 /* ViewController.swift */ = {isa = PBXFileReference; lastKnownFileType = sourcecode.swift; path = ViewController.swift; sourceTree = "<group>"; };
		CA84B40622895C0800865741 /* Base */ = {isa = PBXFileReference; lastKnownFileType = file.storyboard; name = Base; path = Base.lproj/Main.storyboard; sourceTree = "<group>"; };
		CA84B40822895C0A00865741 /* Assets.xcassets */ = {isa = PBXFileReference; lastKnownFileType = folder.assetcatalog; path = Assets.xcassets; sourceTree = "<group>"; };
		CA84B40B22895C0A00865741 /* Base */ = {isa = PBXFileReference; lastKnownFileType = file.storyboard; name = Base; path = Base.lproj/LaunchScreen.storyboard; sourceTree = "<group>"; };
		CA84B40D22895C0A00865741 /* Info.plist */ = {isa = PBXFileReference; lastKnownFileType = text.plist.xml; path = Info.plist; sourceTree = "<group>"; };
		CA84B41322895EB400865741 /* ReferenceValue.swift */ = {isa = PBXFileReference; lastKnownFileType = sourcecode.swift; path = ReferenceValue.swift; sourceTree = "<group>"; };
		CAAC49B72295F40000D5E533 /* NextViewController.swift */ = {isa = PBXFileReference; lastKnownFileType = sourcecode.swift; path = NextViewController.swift; sourceTree = "<group>"; };
/* End PBXFileReference section */

/* Begin PBXFrameworksBuildPhase section */
		CA84B3FB22895C0800865741 /* Frameworks */ = {
			isa = PBXFrameworksBuildPhase;
			buildActionMask = 2147483647;
			files = (
			);
			runOnlyForDeploymentPostprocessing = 0;
		};
/* End PBXFrameworksBuildPhase section */

/* Begin PBXGroup section */
		CA84B3F522895C0800865741 = {
			isa = PBXGroup;
			children = (
				CA84B40022895C0800865741 /* CoreLocationSample */,
				CA84B3FF22895C0800865741 /* Products */,
			);
			sourceTree = "<group>";
		};
		CA84B3FF22895C0800865741 /* Products */ = {
			isa = PBXGroup;
			children = (
				CA84B3FE22895C0800865741 /* CoreLocationSample.app */,
			);
			name = Products;
			sourceTree = "<group>";
		};
		CA84B40022895C0800865741 /* CoreLocationSample */ = {
			isa = PBXGroup;
			children = (
				CA84B40122895C0800865741 /* AppDelegate.swift */,
				CA84B40322895C0800865741 /* ViewController.swift */,
				CAAC49B72295F40000D5E533 /* NextViewController.swift */,
				CA84B41322895EB400865741 /* ReferenceValue.swift */,
				CA84B40522895C0800865741 /* Main.storyboard */,
				CA84B40822895C0A00865741 /* Assets.xcassets */,
				CA84B40A22895C0A00865741 /* LaunchScreen.storyboard */,
				CA84B40D22895C0A00865741 /* Info.plist */,
			);
			path = CoreLocationSample;
			sourceTree = "<group>";
		};
/* End PBXGroup section */

/* Begin PBXNativeTarget section */
		CA84B3FD22895C0800865741 /* CoreLocationSample */ = {
			isa = PBXNativeTarget;
			buildConfigurationList = CA84B41022895C0A00865741 /* Build configuration list for PBXNativeTarget "CoreLocationSample" */;
			buildPhases = (
				CA84B3FA22895C0800865741 /* Sources */,
				CA84B3FB22895C0800865741 /* Frameworks */,
				CA84B3FC22895C0800865741 /* Resources */,
			);
			buildRules = (
			);
			dependencies = (
			);
			name = CoreLocationSample;
			productName = CoreLocationSample;
			productReference = CA84B3FE22895C0800865741 /* CoreLocationSample.app */;
			productType = "com.apple.product-type.application";
		};
/* End PBXNativeTarget section */

/* Begin PBXProject section */
		CA84B3F622895C0800865741 /* Project object */ = {
			isa = PBXProject;
			attributes = {
				LastSwiftUpdateCheck = 1020;
				LastUpgradeCheck = 1020;
				ORGANIZATIONNAME = "최용석";
				TargetAttributes = {
					CA84B3FD22895C0800865741 = {
						CreatedOnToolsVersion = 10.2.1;
						SystemCapabilities = {
							com.apple.BackgroundModes = {
								enabled = 1;
							};
						};
					};
				};
			};
			buildConfigurationList = CA84B3F922895C0800865741 /* Build configuration list for PBXProject "CoreLocationSample" */;
			compatibilityVersion = "Xcode 9.3";
			developmentRegion = en;
			hasScannedForEncodings = 0;
			knownRegions = (
				en,
				Base,
			);
			mainGroup = CA84B3F522895C0800865741;
			productRefGroup = CA84B3FF22895C0800865741 /* Products */;
			projectDirPath = "";
			projectRoot = "";
			targets = (
				CA84B3FD22895C0800865741 /* CoreLocationSample */,
			);
		};
/* End PBXProject section */

/* Begin PBXResourcesBuildPhase section */
		CA84B3FC22895C0800865741 /* Resources */ = {
			isa = PBXResourcesBuildPhase;
			buildActionMask = 2147483647;
			files = (
				CA84B40C22895C0A00865741 /* LaunchScreen.storyboard in Resources */,
				CA84B40922895C0A00865741 /* Assets.xcassets in Resources */,
				CA84B40722895C0800865741 /* Main.storyboard in Resources */,
			);
			runOnlyForDeploymentPostprocessing = 0;
		};
/* End PBXResourcesBuildPhase section */

/* Begin PBXSourcesBuildPhase section */
		CA84B3FA22895C0800865741 /* Sources */ = {
			isa = PBXSourcesBuildPhase;
			buildActionMask = 2147483647;
			files = (
				CA84B41422895EB400865741 /* ReferenceValue.swift in Sources */,
				CAAC49B82295F40000D5E533 /* NextViewController.swift in Sources */,
				CA84B40422895C0800865741 /* ViewController.swift in Sources */,
				CA84B40222895C0800865741 /* AppDelegate.swift in Sources */,
			);
			runOnlyForDeploymentPostprocessing = 0;
		};
/* End PBXSourcesBuildPhase section */

/* Begin PBXVariantGroup section */
		CA84B40522895C0800865741 /* Main.storyboard */ = {
			isa = PBXVariantGroup;
			children = (
				CA84B40622895C0800865741 /* Base */,
			);
			name = Main.storyboard;
			sourceTree = "<group>";
		};
		CA84B40A22895C0A00865741 /* LaunchScreen.storyboard */ = {
			isa = PBXVariantGroup;
			children = (
				CA84B40B22895C0A00865741 /* Base */,
			);
			name = LaunchScreen.storyboard;
			sourceTree = "<group>";
		};
/* End PBXVariantGroup section */

/* Begin XCBuildConfiguration section */
		CA84B40E22895C0A00865741 /* Debug */ = {
			isa = XCBuildConfiguration;
			buildSettings = {
				ALWAYS_SEARCH_USER_PATHS = NO;
				CLANG_ANALYZER_NONNULL = YES;
				CLANG_ANALYZER_NUMBER_OBJECT_CONVERSION = YES_AGGRESSIVE;
				CLANG_CXX_LANGUAGE_STANDARD = "gnu++14";
				CLANG_CXX_LIBRARY = "libc++";
				CLANG_ENABLE_MODULES = YES;
				CLANG_ENABLE_OBJC_ARC = YES;
				CLANG_ENABLE_OBJC_WEAK = YES;
				CLANG_WARN_BLOCK_CAPTURE_AUTORELEASING = YES;
				CLANG_WARN_BOOL_CONVERSION = YES;
				CLANG_WARN_COMMA = YES;
				CLANG_WARN_CONSTANT_CONVERSION = YES;
				CLANG_WARN_DEPRECATED_OBJC_IMPLEMENTATIONS = YES;
				CLANG_WARN_DIRECT_OBJC_ISA_USAGE = YES_ERROR;
				CLANG_WARN_DOCUMENTATION_COMMENTS = YES;
				CLANG_WARN_EMPTY_BODY = YES;
				CLANG_WARN_ENUM_CONVERSION = YES;
				CLANG_WARN_INFINITE_RECURSION = YES;
				CLANG_WARN_INT_CONVERSION = YES;
				CLANG_WARN_NON_LITERAL_NULL_CONVERSION = YES;
				CLANG_WARN_OBJC_IMPLICIT_RETAIN_SELF = YES;
				CLANG_WARN_OBJC_LITERAL_CONVERSION = YES;
				CLANG_WARN_OBJC_ROOT_CLASS = YES_ERROR;
				CLANG_WARN_RANGE_LOOP_ANALYSIS = YES;
				CLANG_WARN_STRICT_PROTOTYPES = YES;
				CLANG_WARN_SUSPICIOUS_MOVE = YES;
				CLANG_WARN_UNGUARDED_AVAILABILITY = YES_AGGRESSIVE;
				CLANG_WARN_UNREACHABLE_CODE = YES;
				CLANG_WARN__DUPLICATE_METHOD_MATCH = YES;
				CODE_SIGN_IDENTITY = "iPhone Developer";
				COPY_PHASE_STRIP = NO;
				DEBUG_INFORMATION_FORMAT = dwarf;
				ENABLE_STRICT_OBJC_MSGSEND = YES;
				ENABLE_TESTABILITY = YES;
				GCC_C_LANGUAGE_STANDARD = gnu11;
				GCC_DYNAMIC_NO_PIC = NO;
				GCC_NO_COMMON_BLOCKS = YES;
				GCC_OPTIMIZATION_LEVEL = 0;
				GCC_PREPROCESSOR_DEFINITIONS = (
					"DEBUG=1",
					"$(inherited)",
				);
				GCC_WARN_64_TO_32_BIT_CONVERSION = YES;
				GCC_WARN_ABOUT_RETURN_TYPE = YES_ERROR;
				GCC_WARN_UNDECLARED_SELECTOR = YES;
				GCC_WARN_UNINITIALIZED_AUTOS = YES_AGGRESSIVE;
				GCC_WARN_UNUSED_FUNCTION = YES;
				GCC_WARN_UNUSED_VARIABLE = YES;
				IPHONEOS_DEPLOYMENT_TARGET = 12.2;
				MTL_ENABLE_DEBUG_INFO = INCLUDE_SOURCE;
				MTL_FAST_MATH = YES;
				ONLY_ACTIVE_ARCH = YES;
				SDKROOT = iphoneos;
				SWIFT_ACTIVE_COMPILATION_CONDITIONS = DEBUG;
				SWIFT_OPTIMIZATION_LEVEL = "-Onone";
			};
			name = Debug;
		};
		CA84B40F22895C0A00865741 /* Release */ = {
			isa = XCBuildConfiguration;
			buildSettings = {
				ALWAYS_SEARCH_USER_PATHS = NO;
				CLANG_ANALYZER_NONNULL = YES;
				CLANG_ANALYZER_NUMBER_OBJECT_CONVERSION = YES_AGGRESSIVE;
				CLANG_CXX_LANGUAGE_STANDARD = "gnu++14";
				CLANG_CXX_LIBRARY = "libc++";
				CLANG_ENABLE_MODULES = YES;
				CLANG_ENABLE_OBJC_ARC = YES;
				CLANG_ENABLE_OBJC_WEAK = YES;
				CLANG_WARN_BLOCK_CAPTURE_AUTORELEASING = YES;
				CLANG_WARN_BOOL_CONVERSION = YES;
				CLANG_WARN_COMMA = YES;
				CLANG_WARN_CONSTANT_CONVERSION = YES;
				CLANG_WARN_DEPRECATED_OBJC_IMPLEMENTATIONS = YES;
				CLANG_WARN_DIRECT_OBJC_ISA_USAGE = YES_ERROR;
				CLANG_WARN_DOCUMENTATION_COMMENTS = YES;
				CLANG_WARN_EMPTY_BODY = YES;
				CLANG_WARN_ENUM_CONVERSION = YES;
				CLANG_WARN_INFINITE_RECURSION = YES;
				CLANG_WARN_INT_CONVERSION = YES;
				CLANG_WARN_NON_LITERAL_NULL_CONVERSION = YES;
				CLANG_WARN_OBJC_IMPLICIT_RETAIN_SELF = YES;
				CLANG_WARN_OBJC_LITERAL_CONVERSION = YES;
				CLANG_WARN_OBJC_ROOT_CLASS = YES_ERROR;
				CLANG_WARN_RANGE_LOOP_ANALYSIS = YES;
				CLANG_WARN_STRICT_PROTOTYPES = YES;
				CLANG_WARN_SUSPICIOUS_MOVE = YES;
				CLANG_WARN_UNGUARDED_AVAILABILITY = YES_AGGRESSIVE;
				CLANG_WARN_UNREACHABLE_CODE = YES;
				CLANG_WARN__DUPLICATE_METHOD_MATCH = YES;
				CODE_SIGN_IDENTITY = "iPhone Developer";
				COPY_PHASE_STRIP = NO;
				DEBUG_INFORMATION_FORMAT = "dwarf-with-dsym";
				ENABLE_NS_ASSERTIONS = NO;
				ENABLE_STRICT_OBJC_MSGSEND = YES;
				GCC_C_LANGUAGE_STANDARD = gnu11;
				GCC_NO_COMMON_BLOCKS = YES;
				GCC_WARN_64_TO_32_BIT_CONVERSION = YES;
				GCC_WARN_ABOUT_RETURN_TYPE = YES_ERROR;
				GCC_WARN_UNDECLARED_SELECTOR = YES;
				GCC_WARN_UNINITIALIZED_AUTOS = YES_AGGRESSIVE;
				GCC_WARN_UNUSED_FUNCTION = YES;
				GCC_WARN_UNUSED_VARIABLE = YES;
				IPHONEOS_DEPLOYMENT_TARGET = 12.2;
				MTL_ENABLE_DEBUG_INFO = NO;
				MTL_FAST_MATH = YES;
				SDKROOT = iphoneos;
				SWIFT_COMPILATION_MODE = wholemodule;
				SWIFT_OPTIMIZATION_LEVEL = "-O";
				VALIDATE_PRODUCT = YES;
			};
			name = Release;
		};
		CA84B41122895C0A00865741 /* Debug */ = {
			isa = XCBuildConfiguration;
			buildSettings = {
				ASSETCATALOG_COMPILER_APPICON_NAME = AppIcon;
				CODE_SIGN_STYLE = Automatic;
				DEVELOPMENT_TEAM = X947N5A32A;
				INFOPLIST_FILE = CoreLocationSample/Info.plist;
				LD_RUNPATH_SEARCH_PATHS = (
					"$(inherited)",
					"@executable_path/Frameworks",
				);
				PRODUCT_BUNDLE_IDENTIFIER = clyksb0731.CoreLocationSample;
				PRODUCT_NAME = "$(TARGET_NAME)";
				SWIFT_VERSION = 5.0;
				TARGETED_DEVICE_FAMILY = "1,2";
			};
			name = Debug;
		};
		CA84B41222895C0A00865741 /* Release */ = {
			isa = XCBuildConfiguration;
			buildSettings = {
				ASSETCATALOG_COMPILER_APPICON_NAME = AppIcon;
				CODE_SIGN_STYLE = Automatic;
				DEVELOPMENT_TEAM = X947N5A32A;
				INFOPLIST_FILE = CoreLocationSample/Info.plist;
				LD_RUNPATH_SEARCH_PATHS = (
					"$(inherited)",
					"@executable_path/Frameworks",
				);
				PRODUCT_BUNDLE_IDENTIFIER = clyksb0731.CoreLocationSample;
				PRODUCT_NAME = "$(TARGET_NAME)";
				SWIFT_VERSION = 5.0;
				TARGETED_DEVICE_FAMILY = "1,2";
			};
			name = Release;
		};
/* End XCBuildConfiguration section */

/* Begin XCConfigurationList section */
		CA84B3F922895C0800865741 /* Build configuration list for PBXProject "CoreLocationSample" */ = {
			isa = XCConfigurationList;
			buildConfigurations = (
				CA84B40E22895C0A00865741 /* Debug */,
				CA84B40F22895C0A00865741 /* Release */,
			);
			defaultConfigurationIsVisible = 0;
			defaultConfigurationName = Release;
		};
		CA84B41022895C0A00865741 /* Build configuration list for PBXNativeTarget "CoreLocationSample" */ = {
			isa = XCConfigurationList;
			buildConfigurations = (
				CA84B41122895C0A00865741 /* Debug */,
				CA84B41222895C0A00865741 /* Release */,
			);
			defaultConfigurationIsVisible = 0;
			defaultConfigurationName = Release;
		};
/* End XCConfigurationList section */
	};
	rootObject = CA84B3F622895C0800865741 /* Project object */;
}
