// !$*UTF8*$!
{
	archiveVersion = 1;
	classes = {
	};
	objectVersion = 50;
	objects = {

/* Begin PBXBuildFile section */
		CA087A9421EFE4AA005CC165 /* NotificationService.swift in Sources */ = {isa = PBXBuildFile; fileRef = CA087A9321EFE4AA005CC165 /* NotificationService.swift */; };
		CA087A9821EFE4AA005CC165 /* service.appex in Embed App Extensions */ = {isa = PBXBuildFile; fileRef = CA087A9121EFE4AA005CC165 /* service.appex */; settings = {ATTRIBUTES = (RemoveHeadersOnCopy, ); }; };
		CA087AA421EFE4FE005CC165 /* UserNotifications.framework in Frameworks */ = {isa = PBXBuildFile; fileRef = CA087AA321EFE4FE005CC165 /* UserNotifications.framework */; };
		CA087AA621EFE4FE005CC165 /* UserNotificationsUI.framework in Frameworks */ = {isa = PBXBuildFile; fileRef = CA087AA521EFE4FE005CC165 /* UserNotificationsUI.framework */; };
		CA087AA921EFE4FE005CC165 /* NotificationViewController.swift in Sources */ = {isa = PBXBuildFile; fileRef = CA087AA821EFE4FE005CC165 /* NotificationViewController.swift */; };
		CA087AAC21EFE4FE005CC165 /* MainInterface.storyboard in Resources */ = {isa = PBXBuildFile; fileRef = CA087AAA21EFE4FE005CC165 /* MainInterface.storyboard */; };
		CA087AB021EFE4FE005CC165 /* Content.appex in Embed App Extensions */ = {isa = PBXBuildFile; fileRef = CA087AA121EFE4FD005CC165 /* Content.appex */; settings = {ATTRIBUTES = (RemoveHeadersOnCopy, ); }; };
		CAB5070A20D00B1600487941 /* AppDelegate.swift in Sources */ = {isa = PBXBuildFile; fileRef = CAB5070920D00B1600487941 /* AppDelegate.swift */; };
		CAB5070C20D00B1600487941 /* ViewController.swift in Sources */ = {isa = PBXBuildFile; fileRef = CAB5070B20D00B1600487941 /* ViewController.swift */; };
		CAB5070F20D00B1600487941 /* Main.storyboard in Resources */ = {isa = PBXBuildFile; fileRef = CAB5070D20D00B1600487941 /* Main.storyboard */; };
		CAB5071120D00B1700487941 /* Assets.xcassets in Resources */ = {isa = PBXBuildFile; fileRef = CAB5071020D00B1700487941 /* Assets.xcassets */; };
		CAB5071420D00B1700487941 /* LaunchScreen.storyboard in Resources */ = {isa = PBXBuildFile; fileRef = CAB5071220D00B1700487941 /* LaunchScreen.storyboard */; };
/* End PBXBuildFile section */

/* Begin PBXContainerItemProxy section */
		CA087A9621EFE4AA005CC165 /* PBXContainerItemProxy */ = {
			isa = PBXContainerItemProxy;
			containerPortal = CAB506FE20D00B1600487941 /* Project object */;
			proxyType = 1;
			remoteGlobalIDString = CA087A9021EFE4AA005CC165;
			remoteInfo = service;
		};
		CA087AAE21EFE4FE005CC165 /* PBXContainerItemProxy */ = {
			isa = PBXContainerItemProxy;
			containerPortal = CAB506FE20D00B1600487941 /* Project object */;
			proxyType = 1;
			remoteGlobalIDString = CA087AA021EFE4FD005CC165;
			remoteInfo = Content;
		};
/* End PBXContainerItemProxy section */

/* Begin PBXCopyFilesBuildPhase section */
		CA087A9C21EFE4AA005CC165 /* Embed App Extensions */ = {
			isa = PBXCopyFilesBuildPhase;
			buildActionMask = 2147483647;
			dstPath = "";
			dstSubfolderSpec = 13;
			files = (
				CA087AB021EFE4FE005CC165 /* Content.appex in Embed App Extensions */,
				CA087A9821EFE4AA005CC165 /* service.appex in Embed App Extensions */,
			);
			name = "Embed App Extensions";
			runOnlyForDeploymentPostprocessing = 0;
		};
/* End PBXCopyFilesBuildPhase section */

/* Begin PBXFileReference section */
		CA087A9121EFE4AA005CC165 /* service.appex */ = {isa = PBXFileReference; explicitFileType = "wrapper.app-extension"; includeInIndex = 0; path = service.appex; sourceTree = BUILT_PRODUCTS_DIR; };
		CA087A9321EFE4AA005CC165 /* NotificationService.swift */ = {isa = PBXFileReference; lastKnownFileType = sourcecode.swift; path = NotificationService.swift; sourceTree = "<group>"; };
		CA087A9521EFE4AA005CC165 /* Info.plist */ = {isa = PBXFileReference; lastKnownFileType = text.plist.xml; path = Info.plist; sourceTree = "<group>"; };
		CA087AA121EFE4FD005CC165 /* Content.appex */ = {isa = PBXFileReference; explicitFileType = "wrapper.app-extension"; includeInIndex = 0; path = Content.appex; sourceTree = BUILT_PRODUCTS_DIR; };
		CA087AA321EFE4FE005CC165 /* UserNotifications.framework */ = {isa = PBXFileReference; lastKnownFileType = wrapper.framework; name = UserNotifications.framework; path = System/Library/Frameworks/UserNotifications.framework; sourceTree = SDKROOT; };
		CA087AA521EFE4FE005CC165 /* UserNotificationsUI.framework */ = {isa = PBXFileReference; lastKnownFileType = wrapper.framework; name = UserNotificationsUI.framework; path = System/Library/Frameworks/UserNotificationsUI.framework; sourceTree = SDKROOT; };
		CA087AA821EFE4FE005CC165 /* NotificationViewController.swift */ = {isa = PBXFileReference; lastKnownFileType = sourcecode.swift; path = NotificationViewController.swift; sourceTree = "<group>"; };
		CA087AAB21EFE4FE005CC165 /* Base */ = {isa = PBXFileReference; lastKnownFileType = file.storyboard; name = Base; path = Base.lproj/MainInterface.storyboard; sourceTree = "<group>"; };
		CA087AAD21EFE4FE005CC165 /* Info.plist */ = {isa = PBXFileReference; lastKnownFileType = text.plist.xml; path = Info.plist; sourceTree = "<group>"; };
		CA14B1C5220B9CFA00F0ED8C /* Content.entitlements */ = {isa = PBXFileReference; lastKnownFileType = text.plist.entitlements; path = Content.entitlements; sourceTree = "<group>"; };
		CAB5070620D00B1600487941 /* PushNotification.app */ = {isa = PBXFileReference; explicitFileType = wrapper.application; includeInIndex = 0; path = PushNotification.app; sourceTree = BUILT_PRODUCTS_DIR; };
		CAB5070920D00B1600487941 /* AppDelegate.swift */ = {isa = PBXFileReference; lastKnownFileType = sourcecode.swift; path = AppDelegate.swift; sourceTree = "<group>"; };
		CAB5070B20D00B1600487941 /* ViewController.swift */ = {isa = PBXFileReference; lastKnownFileType = sourcecode.swift; path = ViewController.swift; sourceTree = "<group>"; };
		CAB5070E20D00B1600487941 /* Base */ = {isa = PBXFileReference; lastKnownFileType = file.storyboard; name = Base; path = Base.lproj/Main.storyboard; sourceTree = "<group>"; };
		CAB5071020D00B1700487941 /* Assets.xcassets */ = {isa = PBXFileReference; lastKnownFileType = folder.assetcatalog; path = Assets.xcassets; sourceTree = "<group>"; };
		CAB5071320D00B1700487941 /* Base */ = {isa = PBXFileReference; lastKnownFileType = file.storyboard; name = Base; path = Base.lproj/LaunchScreen.storyboard; sourceTree = "<group>"; };
		CAB5071520D00B1700487941 /* Info.plist */ = {isa = PBXFileReference; lastKnownFileType = text.plist.xml; path = Info.plist; sourceTree = "<group>"; };
		CAC1D20721ABCB2000D4ABBB /* PushNotification.entitlements */ = {isa = PBXFileReference; lastKnownFileType = text.plist.entitlements; path = PushNotification.entitlements; sourceTree = "<group>"; };
/* End PBXFileReference section */

/* Begin PBXFrameworksBuildPhase section */
		CA087A8E21EFE4AA005CC165 /* Frameworks */ = {
			isa = PBXFrameworksBuildPhase;
			buildActionMask = 2147483647;
			files = (
			);
			runOnlyForDeploymentPostprocessing = 0;
		};
		CA087A9E21EFE4FD005CC165 /* Frameworks */ = {
			isa = PBXFrameworksBuildPhase;
			buildActionMask = 2147483647;
			files = (
				CA087AA621EFE4FE005CC165 /* UserNotificationsUI.framework in Frameworks */,
				CA087AA421EFE4FE005CC165 /* UserNotifications.framework in Frameworks */,
			);
			runOnlyForDeploymentPostprocessing = 0;
		};
		CAB5070320D00B1600487941 /* Frameworks */ = {
			isa = PBXFrameworksBuildPhase;
			buildActionMask = 2147483647;
			files = (
			);
			runOnlyForDeploymentPostprocessing = 0;
		};
/* End PBXFrameworksBuildPhase section */

/* Begin PBXGroup section */
		CA087A9221EFE4AA005CC165 /* service */ = {
			isa = PBXGroup;
			children = (
				CA087A9321EFE4AA005CC165 /* NotificationService.swift */,
				CA087A9521EFE4AA005CC165 /* Info.plist */,
			);
			path = service;
			sourceTree = "<group>";
		};
		CA087AA221EFE4FE005CC165 /* Frameworks */ = {
			isa = PBXGroup;
			children = (
				CA087AA321EFE4FE005CC165 /* UserNotifications.framework */,
				CA087AA521EFE4FE005CC165 /* UserNotificationsUI.framework */,
			);
			name = Frameworks;
			sourceTree = "<group>";
		};
		CA087AA721EFE4FE005CC165 /* Content */ = {
			isa = PBXGroup;
			children = (
				CA14B1C5220B9CFA00F0ED8C /* Content.entitlements */,
				CA087AA821EFE4FE005CC165 /* NotificationViewController.swift */,
				CA087AAA21EFE4FE005CC165 /* MainInterface.storyboard */,
				CA087AAD21EFE4FE005CC165 /* Info.plist */,
			);
			path = Content;
			sourceTree = "<group>";
		};
		CAB506FD20D00B1600487941 = {
			isa = PBXGroup;
			children = (
				CAB5070820D00B1600487941 /* PushNotification */,
				CA087A9221EFE4AA005CC165 /* service */,
				CA087AA721EFE4FE005CC165 /* Content */,
				CA087AA221EFE4FE005CC165 /* Frameworks */,
				CAB5070720D00B1600487941 /* Products */,
			);
			sourceTree = "<group>";
		};
		CAB5070720D00B1600487941 /* Products */ = {
			isa = PBXGroup;
			children = (
				CAB5070620D00B1600487941 /* PushNotification.app */,
				CA087A9121EFE4AA005CC165 /* service.appex */,
				CA087AA121EFE4FD005CC165 /* Content.appex */,
			);
			name = Products;
			sourceTree = "<group>";
		};
		CAB5070820D00B1600487941 /* PushNotification */ = {
			isa = PBXGroup;
			children = (
				CAC1D20721ABCB2000D4ABBB /* PushNotification.entitlements */,
				CAB5070920D00B1600487941 /* AppDelegate.swift */,
				CAB5070B20D00B1600487941 /* ViewController.swift */,
				CAB5070D20D00B1600487941 /* Main.storyboard */,
				CAB5071020D00B1700487941 /* Assets.xcassets */,
				CAB5071220D00B1700487941 /* LaunchScreen.storyboard */,
				CAB5071520D00B1700487941 /* Info.plist */,
			);
			path = PushNotification;
			sourceTree = "<group>";
		};
/* End PBXGroup section */

/* Begin PBXNativeTarget section */
		CA087A9021EFE4AA005CC165 /* service */ = {
			isa = PBXNativeTarget;
			buildConfigurationList = CA087A9B21EFE4AA005CC165 /* Build configuration list for PBXNativeTarget "service" */;
			buildPhases = (
				CA087A8D21EFE4AA005CC165 /* Sources */,
				CA087A8E21EFE4AA005CC165 /* Frameworks */,
				CA087A8F21EFE4AA005CC165 /* Resources */,
			);
			buildRules = (
			);
			dependencies = (
			);
			name = service;
			productName = service;
			productReference = CA087A9121EFE4AA005CC165 /* service.appex */;
			productType = "com.apple.product-type.app-extension";
		};
		CA087AA021EFE4FD005CC165 /* Content */ = {
			isa = PBXNativeTarget;
			buildConfigurationList = CA087AB121EFE4FE005CC165 /* Build configuration list for PBXNativeTarget "Content" */;
			buildPhases = (
				CA087A9D21EFE4FD005CC165 /* Sources */,
				CA087A9E21EFE4FD005CC165 /* Frameworks */,
				CA087A9F21EFE4FD005CC165 /* Resources */,
			);
			buildRules = (
			);
			dependencies = (
			);
			name = Content;
			productName = Content;
			productReference = CA087AA121EFE4FD005CC165 /* Content.appex */;
			productType = "com.apple.product-type.app-extension";
		};
		CAB5070520D00B1600487941 /* PushNotification */ = {
			isa = PBXNativeTarget;
			buildConfigurationList = CAB5071820D00B1700487941 /* Build configuration list for PBXNativeTarget "PushNotification" */;
			buildPhases = (
				CAB5070220D00B1600487941 /* Sources */,
				CAB5070320D00B1600487941 /* Frameworks */,
				CAB5070420D00B1600487941 /* Resources */,
				CA087A9C21EFE4AA005CC165 /* Embed App Extensions */,
			);
			buildRules = (
			);
			dependencies = (
				CA087A9721EFE4AA005CC165 /* PBXTargetDependency */,
				CA087AAF21EFE4FE005CC165 /* PBXTargetDependency */,
			);
			name = PushNotification;
			productName = PushNotification;
			productReference = CAB5070620D00B1600487941 /* PushNotification.app */;
			productType = "com.apple.product-type.application";
		};
/* End PBXNativeTarget section */

/* Begin PBXProject section */
		CAB506FE20D00B1600487941 /* Project object */ = {
			isa = PBXProject;
			attributes = {
				LastSwiftUpdateCheck = 1010;
				LastUpgradeCheck = 0940;
				ORGANIZATIONNAME = clyksb0731;
				TargetAttributes = {
					CA087A9021EFE4AA005CC165 = {
						CreatedOnToolsVersion = 10.1;
					};
					CA087AA021EFE4FD005CC165 = {
						CreatedOnToolsVersion = 10.1;
						SystemCapabilities = {
							com.apple.Push = {
								enabled = 0;
							};
						};
					};
					CAB5070520D00B1600487941 = {
						CreatedOnToolsVersion = 9.4;
						SystemCapabilities = {
							com.apple.BackgroundModes = {
								enabled = 1;
							};
							com.apple.Push = {
								enabled = 1;
							};
						};
					};
				};
			};
			buildConfigurationList = CAB5070120D00B1600487941 /* Build configuration list for PBXProject "PushNotification" */;
			compatibilityVersion = "Xcode 9.3";
			developmentRegion = en;
			hasScannedForEncodings = 0;
			knownRegions = (
				en,
				Base,
			);
			mainGroup = CAB506FD20D00B1600487941;
			productRefGroup = CAB5070720D00B1600487941 /* Products */;
			projectDirPath = "";
			projectRoot = "";
			targets = (
				CAB5070520D00B1600487941 /* PushNotification */,
				CA087A9021EFE4AA005CC165 /* service */,
				CA087AA021EFE4FD005CC165 /* Content */,
			);
		};
/* End PBXProject section */

/* Begin PBXResourcesBuildPhase section */
		CA087A8F21EFE4AA005CC165 /* Resources */ = {
			isa = PBXResourcesBuildPhase;
			buildActionMask = 2147483647;
			files = (
			);
			runOnlyForDeploymentPostprocessing = 0;
		};
		CA087A9F21EFE4FD005CC165 /* Resources */ = {
			isa = PBXResourcesBuildPhase;
			buildActionMask = 2147483647;
			files = (
				CA087AAC21EFE4FE005CC165 /* MainInterface.storyboard in Resources */,
			);
			runOnlyForDeploymentPostprocessing = 0;
		};
		CAB5070420D00B1600487941 /* Resources */ = {
			isa = PBXResourcesBuildPhase;
			buildActionMask = 2147483647;
			files = (
				CAB5071420D00B1700487941 /* LaunchScreen.storyboard in Resources */,
				CAB5071120D00B1700487941 /* Assets.xcassets in Resources */,
				CAB5070F20D00B1600487941 /* Main.storyboard in Resources */,
			);
			runOnlyForDeploymentPostprocessing = 0;
		};
/* End PBXResourcesBuildPhase section */

/* Begin PBXSourcesBuildPhase section */
		CA087A8D21EFE4AA005CC165 /* Sources */ = {
			isa = PBXSourcesBuildPhase;
			buildActionMask = 2147483647;
			files = (
				CA087A9421EFE4AA005CC165 /* NotificationService.swift in Sources */,
			);
			runOnlyForDeploymentPostprocessing = 0;
		};
		CA087A9D21EFE4FD005CC165 /* Sources */ = {
			isa = PBXSourcesBuildPhase;
			buildActionMask = 2147483647;
			files = (
				CA087AA921EFE4FE005CC165 /* NotificationViewController.swift in Sources */,
			);
			runOnlyForDeploymentPostprocessing = 0;
		};
		CAB5070220D00B1600487941 /* Sources */ = {
			isa = PBXSourcesBuildPhase;
			buildActionMask = 2147483647;
			files = (
				CAB5070C20D00B1600487941 /* ViewController.swift in Sources */,
				CAB5070A20D00B1600487941 /* AppDelegate.swift in Sources */,
			);
			runOnlyForDeploymentPostprocessing = 0;
		};
/* End PBXSourcesBuildPhase section */

/* Begin PBXTargetDependency section */
		CA087A9721EFE4AA005CC165 /* PBXTargetDependency */ = {
			isa = PBXTargetDependency;
			target = CA087A9021EFE4AA005CC165 /* service */;
			targetProxy = CA087A9621EFE4AA005CC165 /* PBXContainerItemProxy */;
		};
		CA087AAF21EFE4FE005CC165 /* PBXTargetDependency */ = {
			isa = PBXTargetDependency;
			target = CA087AA021EFE4FD005CC165 /* Content */;
			targetProxy = CA087AAE21EFE4FE005CC165 /* PBXContainerItemProxy */;
		};
/* End PBXTargetDependency section */

/* Begin PBXVariantGroup section */
		CA087AAA21EFE4FE005CC165 /* MainInterface.storyboard */ = {
			isa = PBXVariantGroup;
			children = (
				CA087AAB21EFE4FE005CC165 /* Base */,
			);
			name = MainInterface.storyboard;
			sourceTree = "<group>";
		};
		CAB5070D20D00B1600487941 /* Main.storyboard */ = {
			isa = PBXVariantGroup;
			children = (
				CAB5070E20D00B1600487941 /* Base */,
			);
			name = Main.storyboard;
			sourceTree = "<group>";
		};
		CAB5071220D00B1700487941 /* LaunchScreen.storyboard */ = {
			isa = PBXVariantGroup;
			children = (
				CAB5071320D00B1700487941 /* Base */,
			);
			name = LaunchScreen.storyboard;
			sourceTree = "<group>";
		};
/* End PBXVariantGroup section */

/* Begin XCBuildConfiguration section */
		CA087A9921EFE4AA005CC165 /* Debug */ = {
			isa = XCBuildConfiguration;
			buildSettings = {
				CODE_SIGN_STYLE = Automatic;
				DEVELOPMENT_TEAM = X947N5A32A;
				INFOPLIST_FILE = service/Info.plist;
				IPHONEOS_DEPLOYMENT_TARGET = 11.4;
				LD_RUNPATH_SEARCH_PATHS = (
					"$(inherited)",
					"@executable_path/Frameworks",
					"@executable_path/../../Frameworks",
				);
				MTL_ENABLE_DEBUG_INFO = INCLUDE_SOURCE;
				MTL_FAST_MATH = YES;
				PRODUCT_BUNDLE_IDENTIFIER = clyksb0731.PushNotification.service;
				PRODUCT_NAME = "$(TARGET_NAME)";
				SKIP_INSTALL = YES;
				SWIFT_VERSION = 4.2;
				TARGETED_DEVICE_FAMILY = "1,2";
			};
			name = Debug;
		};
		CA087A9A21EFE4AA005CC165 /* Release */ = {
			isa = XCBuildConfiguration;
			buildSettings = {
				CODE_SIGN_STYLE = Automatic;
				DEVELOPMENT_TEAM = X947N5A32A;
				INFOPLIST_FILE = service/Info.plist;
				IPHONEOS_DEPLOYMENT_TARGET = 11.4;
				LD_RUNPATH_SEARCH_PATHS = (
					"$(inherited)",
					"@executable_path/Frameworks",
					"@executable_path/../../Frameworks",
				);
				MTL_FAST_MATH = YES;
				PRODUCT_BUNDLE_IDENTIFIER = clyksb0731.PushNotification.service;
				PRODUCT_NAME = "$(TARGET_NAME)";
				SKIP_INSTALL = YES;
				SWIFT_VERSION = 4.2;
				TARGETED_DEVICE_FAMILY = "1,2";
			};
			name = Release;
		};
		CA087AB221EFE4FE005CC165 /* Debug */ = {
			isa = XCBuildConfiguration;
			buildSettings = {
				CODE_SIGN_STYLE = Automatic;
				DEVELOPMENT_TEAM = X947N5A32A;
				INFOPLIST_FILE = Content/Info.plist;
				IPHONEOS_DEPLOYMENT_TARGET = 11.4;
				LD_RUNPATH_SEARCH_PATHS = (
					"$(inherited)",
					"@executable_path/Frameworks",
					"@executable_path/../../Frameworks",
				);
				MTL_ENABLE_DEBUG_INFO = INCLUDE_SOURCE;
				MTL_FAST_MATH = YES;
				PRODUCT_BUNDLE_IDENTIFIER = clyksb0731.PushNotification.Content;
				PRODUCT_NAME = "$(TARGET_NAME)";
				SKIP_INSTALL = YES;
				SWIFT_VERSION = 4.2;
				TARGETED_DEVICE_FAMILY = "1,2";
			};
			name = Debug;
		};
		CA087AB321EFE4FE005CC165 /* Release */ = {
			isa = XCBuildConfiguration;
			buildSettings = {
				CODE_SIGN_STYLE = Automatic;
				DEVELOPMENT_TEAM = X947N5A32A;
				INFOPLIST_FILE = Content/Info.plist;
				IPHONEOS_DEPLOYMENT_TARGET = 11.4;
				LD_RUNPATH_SEARCH_PATHS = (
					"$(inherited)",
					"@executable_path/Frameworks",
					"@executable_path/../../Frameworks",
				);
				MTL_FAST_MATH = YES;
				PRODUCT_BUNDLE_IDENTIFIER = clyksb0731.PushNotification.Content;
				PRODUCT_NAME = "$(TARGET_NAME)";
				SKIP_INSTALL = YES;
				SWIFT_VERSION = 4.2;
				TARGETED_DEVICE_FAMILY = "1,2";
			};
			name = Release;
		};
		CAB5071620D00B1700487941 /* Debug */ = {
			isa = XCBuildConfiguration;
			buildSettings = {
				ALWAYS_SEARCH_USER_PATHS = NO;
				CLANG_ANALYZER_NONNULL = YES;
				CLANG_ANALYZER_NUMBER_OBJECT_CONVERSION = YES_AGGRESSIVE;
				CLANG_CXX_LANGUAGE_STANDARD = "gnu++14";
				CLANG_CXX_LIBRARY = "libc++";
				CLANG_ENABLE_MODULES = YES;
				CLANG_ENABLE_OBJC_ARC = YES;
				CLANG_ENABLE_OBJC_WEAK = YES;
				CLANG_WARN_BLOCK_CAPTURE_AUTORELEASING = YES;
				CLANG_WARN_BOOL_CONVERSION = YES;
				CLANG_WARN_COMMA = YES;
				CLANG_WARN_CONSTANT_CONVERSION = YES;
				CLANG_WARN_DEPRECATED_OBJC_IMPLEMENTATIONS = YES;
				CLANG_WARN_DIRECT_OBJC_ISA_USAGE = YES_ERROR;
				CLANG_WARN_DOCUMENTATION_COMMENTS = YES;
				CLANG_WARN_EMPTY_BODY = YES;
				CLANG_WARN_ENUM_CONVERSION = YES;
				CLANG_WARN_INFINITE_RECURSION = YES;
				CLANG_WARN_INT_CONVERSION = YES;
				CLANG_WARN_NON_LITERAL_NULL_CONVERSION = YES;
				CLANG_WARN_OBJC_IMPLICIT_RETAIN_SELF = YES;
				CLANG_WARN_OBJC_LITERAL_CONVERSION = YES;
				CLANG_WARN_OBJC_ROOT_CLASS = YES_ERROR;
				CLANG_WARN_RANGE_LOOP_ANALYSIS = YES;
				CLANG_WARN_STRICT_PROTOTYPES = YES;
				CLANG_WARN_SUSPICIOUS_MOVE = YES;
				CLANG_WARN_UNGUARDED_AVAILABILITY = YES_AGGRESSIVE;
				CLANG_WARN_UNREACHABLE_CODE = YES;
				CLANG_WARN__DUPLICATE_METHOD_MATCH = YES;
				CODE_SIGN_IDENTITY = "iPhone Developer";
				COPY_PHASE_STRIP = NO;
				DEBUG_INFORMATION_FORMAT = dwarf;
				ENABLE_STRICT_OBJC_MSGSEND = YES;
				ENABLE_TESTABILITY = YES;
				GCC_C_LANGUAGE_STANDARD = gnu11;
				GCC_DYNAMIC_NO_PIC = NO;
				GCC_NO_COMMON_BLOCKS = YES;
				GCC_OPTIMIZATION_LEVEL = 0;
				GCC_PREPROCESSOR_DEFINITIONS = (
					"DEBUG=1",
					"$(inherited)",
				);
				GCC_WARN_64_TO_32_BIT_CONVERSION = YES;
				GCC_WARN_ABOUT_RETURN_TYPE = YES_ERROR;
				GCC_WARN_UNDECLARED_SELECTOR = YES;
				GCC_WARN_UNINITIALIZED_AUTOS = YES_AGGRESSIVE;
				GCC_WARN_UNUSED_FUNCTION = YES;
				GCC_WARN_UNUSED_VARIABLE = YES;
				IPHONEOS_DEPLOYMENT_TARGET = 11.4;
				MTL_ENABLE_DEBUG_INFO = YES;
				ONLY_ACTIVE_ARCH = YES;
				SDKROOT = iphoneos;
				SWIFT_ACTIVE_COMPILATION_CONDITIONS = DEBUG;
				SWIFT_OPTIMIZATION_LEVEL = "-Onone";
			};
			name = Debug;
		};
		CAB5071720D00B1700487941 /* Release */ = {
			isa = XCBuildConfiguration;
			buildSettings = {
				ALWAYS_SEARCH_USER_PATHS = NO;
				CLANG_ANALYZER_NONNULL = YES;
				CLANG_ANALYZER_NUMBER_OBJECT_CONVERSION = YES_AGGRESSIVE;
				CLANG_CXX_LANGUAGE_STANDARD = "gnu++14";
				CLANG_CXX_LIBRARY = "libc++";
				CLANG_ENABLE_MODULES = YES;
				CLANG_ENABLE_OBJC_ARC = YES;
				CLANG_ENABLE_OBJC_WEAK = YES;
				CLANG_WARN_BLOCK_CAPTURE_AUTORELEASING = YES;
				CLANG_WARN_BOOL_CONVERSION = YES;
				CLANG_WARN_COMMA = YES;
				CLANG_WARN_CONSTANT_CONVERSION = YES;
				CLANG_WARN_DEPRECATED_OBJC_IMPLEMENTATIONS = YES;
				CLANG_WARN_DIRECT_OBJC_ISA_USAGE = YES_ERROR;
				CLANG_WARN_DOCUMENTATION_COMMENTS = YES;
				CLANG_WARN_EMPTY_BODY = YES;
				CLANG_WARN_ENUM_CONVERSION = YES;
				CLANG_WARN_INFINITE_RECURSION = YES;
				CLANG_WARN_INT_CONVERSION = YES;
				CLANG_WARN_NON_LITERAL_NULL_CONVERSION = YES;
				CLANG_WARN_OBJC_IMPLICIT_RETAIN_SELF = YES;
				CLANG_WARN_OBJC_LITERAL_CONVERSION = YES;
				CLANG_WARN_OBJC_ROOT_CLASS = YES_ERROR;
				CLANG_WARN_RANGE_LOOP_ANALYSIS = YES;
				CLANG_WARN_STRICT_PROTOTYPES = YES;
				CLANG_WARN_SUSPICIOUS_MOVE = YES;
				CLANG_WARN_UNGUARDED_AVAILABILITY = YES_AGGRESSIVE;
				CLANG_WARN_UNREACHABLE_CODE = YES;
				CLANG_WARN__DUPLICATE_METHOD_MATCH = YES;
				CODE_SIGN_IDENTITY = "iPhone Developer";
				COPY_PHASE_STRIP = NO;
				DEBUG_INFORMATION_FORMAT = "dwarf-with-dsym";
				ENABLE_NS_ASSERTIONS = NO;
				ENABLE_STRICT_OBJC_MSGSEND = YES;
				GCC_C_LANGUAGE_STANDARD = gnu11;
				GCC_NO_COMMON_BLOCKS = YES;
				GCC_WARN_64_TO_32_BIT_CONVERSION = YES;
				GCC_WARN_ABOUT_RETURN_TYPE = YES_ERROR;
				GCC_WARN_UNDECLARED_SELECTOR = YES;
				GCC_WARN_UNINITIALIZED_AUTOS = YES_AGGRESSIVE;
				GCC_WARN_UNUSED_FUNCTION = YES;
				GCC_WARN_UNUSED_VARIABLE = YES;
				IPHONEOS_DEPLOYMENT_TARGET = 11.4;
				MTL_ENABLE_DEBUG_INFO = NO;
				SDKROOT = iphoneos;
				SWIFT_COMPILATION_MODE = wholemodule;
				SWIFT_OPTIMIZATION_LEVEL = "-O";
				VALIDATE_PRODUCT = YES;
			};
			name = Release;
		};
		CAB5071920D00B1700487941 /* Debug */ = {
			isa = XCBuildConfiguration;
			buildSettings = {
				ALWAYS_EMBED_SWIFT_STANDARD_LIBRARIES = YES;
				ASSETCATALOG_COMPILER_APPICON_NAME = AppIcon;
				CODE_SIGN_ENTITLEMENTS = PushNotification/PushNotification.entitlements;
				CODE_SIGN_STYLE = Automatic;
				DEVELOPMENT_TEAM = X947N5A32A;
				INFOPLIST_FILE = PushNotification/Info.plist;
				IPHONEOS_DEPLOYMENT_TARGET = 12.2;
				LD_RUNPATH_SEARCH_PATHS = (
					"$(inherited)",
					"@executable_path/Frameworks",
				);
				PRODUCT_BUNDLE_IDENTIFIER = clyksb0731.PushNotification;
				PRODUCT_NAME = "$(TARGET_NAME)";
				SWIFT_VERSION = 4.0;
				TARGETED_DEVICE_FAMILY = "1,2";
			};
			name = Debug;
		};
		CAB5071A20D00B1700487941 /* Release */ = {
			isa = XCBuildConfiguration;
			buildSettings = {
				ALWAYS_EMBED_SWIFT_STANDARD_LIBRARIES = YES;
				ASSETCATALOG_COMPILER_APPICON_NAME = AppIcon;
				CODE_SIGN_ENTITLEMENTS = PushNotification/PushNotification.entitlements;
				CODE_SIGN_STYLE = Automatic;
				DEVELOPMENT_TEAM = X947N5A32A;
				INFOPLIST_FILE = PushNotification/Info.plist;
				IPHONEOS_DEPLOYMENT_TARGET = 12.2;
				LD_RUNPATH_SEARCH_PATHS = (
					"$(inherited)",
					"@executable_path/Frameworks",
				);
				PRODUCT_BUNDLE_IDENTIFIER = clyksb0731.PushNotification;
				PRODUCT_NAME = "$(TARGET_NAME)";
				SWIFT_VERSION = 4.0;
				TARGETED_DEVICE_FAMILY = "1,2";
			};
			name = Release;
		};
/* End XCBuildConfiguration section */

/* Begin XCConfigurationList section */
		CA087A9B21EFE4AA005CC165 /* Build configuration list for PBXNativeTarget "service" */ = {
			isa = XCConfigurationList;
			buildConfigurations = (
				CA087A9921EFE4AA005CC165 /* Debug */,
				CA087A9A21EFE4AA005CC165 /* Release */,
			);
			defaultConfigurationIsVisible = 0;
			defaultConfigurationName = Release;
		};
		CA087AB121EFE4FE005CC165 /* Build configuration list for PBXNativeTarget "Content" */ = {
			isa = XCConfigurationList;
			buildConfigurations = (
				CA087AB221EFE4FE005CC165 /* Debug */,
				CA087AB321EFE4FE005CC165 /* Release */,
			);
			defaultConfigurationIsVisible = 0;
			defaultConfigurationName = Release;
		};
		CAB5070120D00B1600487941 /* Build configuration list for PBXProject "PushNotification" */ = {
			isa = XCConfigurationList;
			buildConfigurations = (
				CAB5071620D00B1700487941 /* Debug */,
				CAB5071720D00B1700487941 /* Release */,
			);
			defaultConfigurationIsVisible = 0;
			defaultConfigurationName = Release;
		};
		CAB5071820D00B1700487941 /* Build configuration list for PBXNativeTarget "PushNotification" */ = {
			isa = XCConfigurationList;
			buildConfigurations = (
				CAB5071920D00B1700487941 /* Debug */,
				CAB5071A20D00B1700487941 /* Release */,
			);
			defaultConfigurationIsVisible = 0;
			defaultConfigurationName = Release;
		};
/* End XCConfigurationList section */
	};
	rootObject = CAB506FE20D00B1600487941 /* Project object */;
}
