// !$*UTF8*$!
{
	archiveVersion = 1;
	classes = {
	};
	objectVersion = 51;
	objects = {

/* Begin PBXBuildFile section */
		CA2D7CB42279826F0088CE19 /* DayCell.swift in Sources */ = {isa = PBXBuildFile; fileRef = CA2D7CB32279826F0088CE19 /* DayCell.swift */; };
		CA2D7CB6227998D70088CE19 /* CalendarHeaerView.swift in Sources */ = {isa = PBXBuildFile; fileRef = CA2D7CB5227998D70088CE19 /* CalendarHeaerView.swift */; };
		CA2D7CB822799A000088CE19 /* CoreMethods.swift in Sources */ = {isa = PBXBuildFile; fileRef = CA2D7CB722799A000088CE19 /* CoreMethods.swift */; };
		CA2D7CBA227A0AC80088CE19 /* LeftDayCell.swift in Sources */ = {isa = PBXBuildFile; fileRef = CA2D7CB9227A0AC80088CE19 /* LeftDayCell.swift */; };
		CA2D7CBC227A0ADA0088CE19 /* RightDayCell.swift in Sources */ = {isa = PBXBuildFile; fileRef = CA2D7CBB227A0ADA0088CE19 /* RightDayCell.swift */; };
		CA9FCA0120AB2C4200DE641A /* AppDelegate.swift in Sources */ = {isa = PBXBuildFile; fileRef = CA9FCA0020AB2C4200DE641A /* AppDelegate.swift */; };
		CA9FCA0320AB2C4200DE641A /* ViewController.swift in Sources */ = {isa = PBXBuildFile; fileRef = CA9FCA0220AB2C4200DE641A /* ViewController.swift */; };
		CA9FCA0620AB2C4200DE641A /* Main.storyboard in Resources */ = {isa = PBXBuildFile; fileRef = CA9FCA0420AB2C4200DE641A /* Main.storyboard */; };
		CA9FCA0820AB2C4300DE641A /* Assets.xcassets in Resources */ = {isa = PBXBuildFile; fileRef = CA9FCA0720AB2C4300DE641A /* Assets.xcassets */; };
		CA9FCA0B20AB2C4300DE641A /* LaunchScreen.storyboard in Resources */ = {isa = PBXBuildFile; fileRef = CA9FCA0920AB2C4300DE641A /* LaunchScreen.storyboard */; };
		CAC7459E20D7F2DB00C8D277 /* DateGenerator.swift in Sources */ = {isa = PBXBuildFile; fileRef = CAC7459D20D7F2DB00C8D277 /* DateGenerator.swift */; };
/* End PBXBuildFile section */

/* Begin PBXFileReference section */
		CA2D7CB32279826F0088CE19 /* DayCell.swift */ = {isa = PBXFileReference; lastKnownFileType = sourcecode.swift; path = DayCell.swift; sourceTree = "<group>"; };
		CA2D7CB5227998D70088CE19 /* CalendarHeaerView.swift */ = {isa = PBXFileReference; lastKnownFileType = sourcecode.swift; path = CalendarHeaerView.swift; sourceTree = "<group>"; };
		CA2D7CB722799A000088CE19 /* CoreMethods.swift */ = {isa = PBXFileReference; lastKnownFileType = sourcecode.swift; path = CoreMethods.swift; sourceTree = "<group>"; };
		CA2D7CB9227A0AC80088CE19 /* LeftDayCell.swift */ = {isa = PBXFileReference; lastKnownFileType = sourcecode.swift; path = LeftDayCell.swift; sourceTree = "<group>"; };
		CA2D7CBB227A0ADA0088CE19 /* RightDayCell.swift */ = {isa = PBXFileReference; lastKnownFileType = sourcecode.swift; path = RightDayCell.swift; sourceTree = "<group>"; };
		CA9FC9FD20AB2C4200DE641A /* Calendar.app */ = {isa = PBXFileReference; explicitFileType = wrapper.application; includeInIndex = 0; path = Calendar.app; sourceTree = BUILT_PRODUCTS_DIR; };
		CA9FCA0020AB2C4200DE641A /* AppDelegate.swift */ = {isa = PBXFileReference; lastKnownFileType = sourcecode.swift; path = AppDelegate.swift; sourceTree = "<group>"; };
		CA9FCA0220AB2C4200DE641A /* ViewController.swift */ = {isa = PBXFileReference; lastKnownFileType = sourcecode.swift; path = ViewController.swift; sourceTree = "<group>"; };
		CA9FCA0520AB2C4200DE641A /* Base */ = {isa = PBXFileReference; lastKnownFileType = file.storyboard; name = Base; path = Base.lproj/Main.storyboard; sourceTree = "<group>"; };
		CA9FCA0720AB2C4300DE641A /* Assets.xcassets */ = {isa = PBXFileReference; lastKnownFileType = folder.assetcatalog; path = Assets.xcassets; sourceTree = "<group>"; };
		CA9FCA0A20AB2C4300DE641A /* Base */ = {isa = PBXFileReference; lastKnownFileType = file.storyboard; name = Base; path = Base.lproj/LaunchScreen.storyboard; sourceTree = "<group>"; };
		CA9FCA0C20AB2C4300DE641A /* Info.plist */ = {isa = PBXFileReference; lastKnownFileType = text.plist.xml; path = Info.plist; sourceTree = "<group>"; };
		CAC7459D20D7F2DB00C8D277 /* DateGenerator.swift */ = {isa = PBXFileReference; lastKnownFileType = sourcecode.swift; path = DateGenerator.swift; sourceTree = "<group>"; };
/* End PBXFileReference section */

/* Begin PBXFrameworksBuildPhase section */
		CA9FC9FA20AB2C4200DE641A /* Frameworks */ = {
			isa = PBXFrameworksBuildPhase;
			buildActionMask = 2147483647;
			files = (
			);
			runOnlyForDeploymentPostprocessing = 0;
		};
/* End PBXFrameworksBuildPhase section */

/* Begin PBXGroup section */
		CA9FC9F420AB2C4200DE641A = {
			isa = PBXGroup;
			children = (
				CA9FC9FF20AB2C4200DE641A /* Calendar */,
				CA9FC9FE20AB2C4200DE641A /* Products */,
			);
			sourceTree = "<group>";
		};
		CA9FC9FE20AB2C4200DE641A /* Products */ = {
			isa = PBXGroup;
			children = (
				CA9FC9FD20AB2C4200DE641A /* Calendar.app */,
			);
			name = Products;
			sourceTree = "<group>";
		};
		CA9FC9FF20AB2C4200DE641A /* Calendar */ = {
			isa = PBXGroup;
			children = (
				CA9FCA0020AB2C4200DE641A /* AppDelegate.swift */,
				CA9FCA0220AB2C4200DE641A /* ViewController.swift */,
				CA2D7CB5227998D70088CE19 /* CalendarHeaerView.swift */,
				CA2D7CB9227A0AC80088CE19 /* LeftDayCell.swift */,
				CA2D7CBB227A0ADA0088CE19 /* RightDayCell.swift */,
				CA2D7CB32279826F0088CE19 /* DayCell.swift */,
				CAC7459D20D7F2DB00C8D277 /* DateGenerator.swift */,
				CA2D7CB722799A000088CE19 /* CoreMethods.swift */,
				CA9FCA0420AB2C4200DE641A /* Main.storyboard */,
				CA9FCA0720AB2C4300DE641A /* Assets.xcassets */,
				CA9FCA0920AB2C4300DE641A /* LaunchScreen.storyboard */,
				CA9FCA0C20AB2C4300DE641A /* Info.plist */,
			);
			path = Calendar;
			sourceTree = "<group>";
		};
/* End PBXGroup section */

/* Begin PBXNativeTarget section */
		CA9FC9FC20AB2C4200DE641A /* Calendar */ = {
			isa = PBXNativeTarget;
			buildConfigurationList = CA9FCA0F20AB2C4300DE641A /* Build configuration list for PBXNativeTarget "Calendar" */;
			buildPhases = (
				CA9FC9F920AB2C4200DE641A /* Sources */,
				CA9FC9FA20AB2C4200DE641A /* Frameworks */,
				CA9FC9FB20AB2C4200DE641A /* Resources */,
			);
			buildRules = (
			);
			dependencies = (
			);
			name = Calendar;
			productName = Calendar;
			productReference = CA9FC9FD20AB2C4200DE641A /* Calendar.app */;
			productType = "com.apple.product-type.application";
		};
/* End PBXNativeTarget section */

/* Begin PBXProject section */
		CA9FC9F520AB2C4200DE641A /* Project object */ = {
			isa = PBXProject;
			attributes = {
				LastSwiftUpdateCheck = 0930;
				LastUpgradeCheck = 0930;
				ORGANIZATIONNAME = clyksb0731;
				TargetAttributes = {
					CA9FC9FC20AB2C4200DE641A = {
						CreatedOnToolsVersion = 9.3.1;
						LastSwiftMigration = 1020;
					};
				};
			};
			buildConfigurationList = CA9FC9F820AB2C4200DE641A /* Build configuration list for PBXProject "Calendar" */;
			compatibilityVersion = "Xcode 10.0";
			developmentRegion = en;
			hasScannedForEncodings = 0;
			knownRegions = (
				en,
				Base,
			);
			mainGroup = CA9FC9F420AB2C4200DE641A;
			productRefGroup = CA9FC9FE20AB2C4200DE641A /* Products */;
			projectDirPath = "";
			projectRoot = "";
			targets = (
				CA9FC9FC20AB2C4200DE641A /* Calendar */,
			);
		};
/* End PBXProject section */

/* Begin PBXResourcesBuildPhase section */
		CA9FC9FB20AB2C4200DE641A /* Resources */ = {
			isa = PBXResourcesBuildPhase;
			buildActionMask = 2147483647;
			files = (
				CA9FCA0B20AB2C4300DE641A /* LaunchScreen.storyboard in Resources */,
				CA9FCA0820AB2C4300DE641A /* Assets.xcassets in Resources */,
				CA9FCA0620AB2C4200DE641A /* Main.storyboard in Resources */,
			);
			runOnlyForDeploymentPostprocessing = 0;
		};
/* End PBXResourcesBuildPhase section */

/* Begin PBXSourcesBuildPhase section */
		CA9FC9F920AB2C4200DE641A /* Sources */ = {
			isa = PBXSourcesBuildPhase;
			buildActionMask = 2147483647;
			files = (
				CA2D7CB6227998D70088CE19 /* CalendarHeaerView.swift in Sources */,
				CA2D7CBC227A0ADA0088CE19 /* RightDayCell.swift in Sources */,
				CA9FCA0320AB2C4200DE641A /* ViewController.swift in Sources */,
				CA2D7CBA227A0AC80088CE19 /* LeftDayCell.swift in Sources */,
				CAC7459E20D7F2DB00C8D277 /* DateGenerator.swift in Sources */,
				CA2D7CB42279826F0088CE19 /* DayCell.swift in Sources */,
				CA9FCA0120AB2C4200DE641A /* AppDelegate.swift in Sources */,
				CA2D7CB822799A000088CE19 /* CoreMethods.swift in Sources */,
			);
			runOnlyForDeploymentPostprocessing = 0;
		};
/* End PBXSourcesBuildPhase section */

/* Begin PBXVariantGroup section */
		CA9FCA0420AB2C4200DE641A /* Main.storyboard */ = {
			isa = PBXVariantGroup;
			children = (
				CA9FCA0520AB2C4200DE641A /* Base */,
			);
			name = Main.storyboard;
			sourceTree = "<group>";
		};
		CA9FCA0920AB2C4300DE641A /* LaunchScreen.storyboard */ = {
			isa = PBXVariantGroup;
			children = (
				CA9FCA0A20AB2C4300DE641A /* Base */,
			);
			name = LaunchScreen.storyboard;
			sourceTree = "<group>";
		};
/* End PBXVariantGroup section */

/* Begin XCBuildConfiguration section */
		CA9FCA0D20AB2C4300DE641A /* Debug */ = {
			isa = XCBuildConfiguration;
			buildSettings = {
				ALWAYS_SEARCH_USER_PATHS = NO;
				CLANG_ANALYZER_NONNULL = YES;
				CLANG_ANALYZER_NUMBER_OBJECT_CONVERSION = YES_AGGRESSIVE;
				CLANG_CXX_LANGUAGE_STANDARD = "gnu++14";
				CLANG_CXX_LIBRARY = "libc++";
				CLANG_ENABLE_MODULES = YES;
				CLANG_ENABLE_OBJC_ARC = YES;
				CLANG_ENABLE_OBJC_WEAK = YES;
				CLANG_WARN_BLOCK_CAPTURE_AUTORELEASING = YES;
				CLANG_WARN_BOOL_CONVERSION = YES;
				CLANG_WARN_COMMA = YES;
				CLANG_WARN_CONSTANT_CONVERSION = YES;
				CLANG_WARN_DEPRECATED_OBJC_IMPLEMENTATIONS = YES;
				CLANG_WARN_DIRECT_OBJC_ISA_USAGE = YES_ERROR;
				CLANG_WARN_DOCUMENTATION_COMMENTS = YES;
				CLANG_WARN_EMPTY_BODY = YES;
				CLANG_WARN_ENUM_CONVERSION = YES;
				CLANG_WARN_INFINITE_RECURSION = YES;
				CLANG_WARN_INT_CONVERSION = YES;
				CLANG_WARN_NON_LITERAL_NULL_CONVERSION = YES;
				CLANG_WARN_OBJC_IMPLICIT_RETAIN_SELF = YES;
				CLANG_WARN_OBJC_LITERAL_CONVERSION = YES;
				CLANG_WARN_OBJC_ROOT_CLASS = YES_ERROR;
				CLANG_WARN_RANGE_LOOP_ANALYSIS = YES;
				CLANG_WARN_STRICT_PROTOTYPES = YES;
				CLANG_WARN_SUSPICIOUS_MOVE = YES;
				CLANG_WARN_UNGUARDED_AVAILABILITY = YES_AGGRESSIVE;
				CLANG_WARN_UNREACHABLE_CODE = YES;
				CLANG_WARN__DUPLICATE_METHOD_MATCH = YES;
				CODE_SIGN_IDENTITY = "iPhone Developer";
				COPY_PHASE_STRIP = NO;
				DEBUG_INFORMATION_FORMAT = dwarf;
				ENABLE_STRICT_OBJC_MSGSEND = YES;
				ENABLE_TESTABILITY = YES;
				GCC_C_LANGUAGE_STANDARD = gnu11;
				GCC_DYNAMIC_NO_PIC = NO;
				GCC_NO_COMMON_BLOCKS = YES;
				GCC_OPTIMIZATION_LEVEL = 0;
				GCC_PREPROCESSOR_DEFINITIONS = (
					"DEBUG=1",
					"$(inherited)",
				);
				GCC_WARN_64_TO_32_BIT_CONVERSION = YES;
				GCC_WARN_ABOUT_RETURN_TYPE = YES_ERROR;
				GCC_WARN_UNDECLARED_SELECTOR = YES;
				GCC_WARN_UNINITIALIZED_AUTOS = YES_AGGRESSIVE;
				GCC_WARN_UNUSED_FUNCTION = YES;
				GCC_WARN_UNUSED_VARIABLE = YES;
				IPHONEOS_DEPLOYMENT_TARGET = 11.3;
				MTL_ENABLE_DEBUG_INFO = YES;
				ONLY_ACTIVE_ARCH = YES;
				SDKROOT = iphoneos;
				SWIFT_ACTIVE_COMPILATION_CONDITIONS = DEBUG;
				SWIFT_OPTIMIZATION_LEVEL = "-Onone";
			};
			name = Debug;
		};
		CA9FCA0E20AB2C4300DE641A /* Release */ = {
			isa = XCBuildConfiguration;
			buildSettings = {
				ALWAYS_SEARCH_USER_PATHS = NO;
				CLANG_ANALYZER_NONNULL = YES;
				CLANG_ANALYZER_NUMBER_OBJECT_CONVERSION = YES_AGGRESSIVE;
				CLANG_CXX_LANGUAGE_STANDARD = "gnu++14";
				CLANG_CXX_LIBRARY = "libc++";
				CLANG_ENABLE_MODULES = YES;
				CLANG_ENABLE_OBJC_ARC = YES;
				CLANG_ENABLE_OBJC_WEAK = YES;
				CLANG_WARN_BLOCK_CAPTURE_AUTORELEASING = YES;
				CLANG_WARN_BOOL_CONVERSION = YES;
				CLANG_WARN_COMMA = YES;
				CLANG_WARN_CONSTANT_CONVERSION = YES;
				CLANG_WARN_DEPRECATED_OBJC_IMPLEMENTATIONS = YES;
				CLANG_WARN_DIRECT_OBJC_ISA_USAGE = YES_ERROR;
				CLANG_WARN_DOCUMENTATION_COMMENTS = YES;
				CLANG_WARN_EMPTY_BODY = YES;
				CLANG_WARN_ENUM_CONVERSION = YES;
				CLANG_WARN_INFINITE_RECURSION = YES;
				CLANG_WARN_INT_CONVERSION = YES;
				CLANG_WARN_NON_LITERAL_NULL_CONVERSION = YES;
				CLANG_WARN_OBJC_IMPLICIT_RETAIN_SELF = YES;
				CLANG_WARN_OBJC_LITERAL_CONVERSION = YES;
				CLANG_WARN_OBJC_ROOT_CLASS = YES_ERROR;
				CLANG_WARN_RANGE_LOOP_ANALYSIS = YES;
				CLANG_WARN_STRICT_PROTOTYPES = YES;
				CLANG_WARN_SUSPICIOUS_MOVE = YES;
				CLANG_WARN_UNGUARDED_AVAILABILITY = YES_AGGRESSIVE;
				CLANG_WARN_UNREACHABLE_CODE = YES;
				CLANG_WARN__DUPLICATE_METHOD_MATCH = YES;
				CODE_SIGN_IDENTITY = "iPhone Developer";
				COPY_PHASE_STRIP = NO;
				DEBUG_INFORMATION_FORMAT = "dwarf-with-dsym";
				ENABLE_NS_ASSERTIONS = NO;
				ENABLE_STRICT_OBJC_MSGSEND = YES;
				GCC_C_LANGUAGE_STANDARD = gnu11;
				GCC_NO_COMMON_BLOCKS = YES;
				GCC_WARN_64_TO_32_BIT_CONVERSION = YES;
				GCC_WARN_ABOUT_RETURN_TYPE = YES_ERROR;
				GCC_WARN_UNDECLARED_SELECTOR = YES;
				GCC_WARN_UNINITIALIZED_AUTOS = YES_AGGRESSIVE;
				GCC_WARN_UNUSED_FUNCTION = YES;
				GCC_WARN_UNUSED_VARIABLE = YES;
				IPHONEOS_DEPLOYMENT_TARGET = 11.3;
				MTL_ENABLE_DEBUG_INFO = NO;
				SDKROOT = iphoneos;
				SWIFT_COMPILATION_MODE = wholemodule;
				SWIFT_OPTIMIZATION_LEVEL = "-O";
				VALIDATE_PRODUCT = YES;
			};
			name = Release;
		};
		CA9FCA1020AB2C4300DE641A /* Debug */ = {
			isa = XCBuildConfiguration;
			buildSettings = {
				ASSETCATALOG_COMPILER_APPICON_NAME = AppIcon;
				CODE_SIGN_STYLE = Automatic;
				DEVELOPMENT_TEAM = X947N5A32A;
				INFOPLIST_FILE = Calendar/Info.plist;
				IPHONEOS_DEPLOYMENT_TARGET = 12.2;
				LD_RUNPATH_SEARCH_PATHS = (
					"$(inherited)",
					"@executable_path/Frameworks",
				);
				PRODUCT_BUNDLE_IDENTIFIER = clyksb0731.Calendar;
				PRODUCT_NAME = "$(TARGET_NAME)";
				SWIFT_VERSION = 5.0;
				TARGETED_DEVICE_FAMILY = "1,2";
			};
			name = Debug;
		};
		CA9FCA1120AB2C4300DE641A /* Release */ = {
			isa = XCBuildConfiguration;
			buildSettings = {
				ASSETCATALOG_COMPILER_APPICON_NAME = AppIcon;
				CODE_SIGN_STYLE = Automatic;
				DEVELOPMENT_TEAM = X947N5A32A;
				INFOPLIST_FILE = Calendar/Info.plist;
				IPHONEOS_DEPLOYMENT_TARGET = 12.2;
				LD_RUNPATH_SEARCH_PATHS = (
					"$(inherited)",
					"@executable_path/Frameworks",
				);
				PRODUCT_BUNDLE_IDENTIFIER = clyksb0731.Calendar;
				PRODUCT_NAME = "$(TARGET_NAME)";
				SWIFT_VERSION = 5.0;
				TARGETED_DEVICE_FAMILY = "1,2";
			};
			name = Release;
		};
/* End XCBuildConfiguration section */

/* Begin XCConfigurationList section */
		CA9FC9F820AB2C4200DE641A /* Build configuration list for PBXProject "Calendar" */ = {
			isa = XCConfigurationList;
			buildConfigurations = (
				CA9FCA0D20AB2C4300DE641A /* Debug */,
				CA9FCA0E20AB2C4300DE641A /* Release */,
			);
			defaultConfigurationIsVisible = 0;
			defaultConfigurationName = Release;
		};
		CA9FCA0F20AB2C4300DE641A /* Build configuration list for PBXNativeTarget "Calendar" */ = {
			isa = XCConfigurationList;
			buildConfigurations = (
				CA9FCA1020AB2C4300DE641A /* Debug */,
				CA9FCA1120AB2C4300DE641A /* Release */,
			);
			defaultConfigurationIsVisible = 0;
			defaultConfigurationName = Release;
		};
/* End XCConfigurationList section */
	};
	rootObject = CA9FC9F520AB2C4200DE641A /* Project object */;
}
