// !$*UTF8*$!
{
	archiveVersion = 1;
	classes = {
	};
	objectVersion = 50;
	objects = {

/* Begin PBXBuildFile section */
		42ACC3BC6118FE767603B9D3 /* Pods_FileManagerSample.framework in Frameworks */ = {isa = PBXBuildFile; fileRef = EE1D0587B35DD82118A54E78 /* Pods_FileManagerSample.framework */; };
		CACD96DE2283114D00FDA240 /* AppDelegate.swift in Sources */ = {isa = PBXBuildFile; fileRef = CACD96DD2283114D00FDA240 /* AppDelegate.swift */; };
		CACD96E02283114D00FDA240 /* ViewController.swift in Sources */ = {isa = PBXBuildFile; fileRef = CACD96DF2283114D00FDA240 /* ViewController.swift */; };
		CACD96E32283114D00FDA240 /* Main.storyboard in Resources */ = {isa = PBXBuildFile; fileRef = CACD96E12283114D00FDA240 /* Main.storyboard */; };
		CACD96E52283114D00FDA240 /* Assets.xcassets in Resources */ = {isa = PBXBuildFile; fileRef = CACD96E42283114D00FDA240 /* Assets.xcassets */; };
		CACD96E82283114D00FDA240 /* LaunchScreen.storyboard in Resources */ = {isa = PBXBuildFile; fileRef = CACD96E62283114D00FDA240 /* LaunchScreen.storyboard */; };
		CACD96F02283126700FDA240 /* RealmDB.swift in Sources */ = {isa = PBXBuildFile; fileRef = CACD96EF2283126700FDA240 /* RealmDB.swift */; };
		CACD96F222832A2F00FDA240 /* CoreMethods.swift in Sources */ = {isa = PBXBuildFile; fileRef = CACD96F122832A2F00FDA240 /* CoreMethods.swift */; };
/* End PBXBuildFile section */

/* Begin PBXFileReference section */
		856401F0A026A1C6AEF44BDB /* Pods-FileManagerSample.debug.xcconfig */ = {isa = PBXFileReference; includeInIndex = 1; lastKnownFileType = text.xcconfig; name = "Pods-FileManagerSample.debug.xcconfig"; path = "Target Support Files/Pods-FileManagerSample/Pods-FileManagerSample.debug.xcconfig"; sourceTree = "<group>"; };
		B615646E5E98AC3D6B60F0B2 /* Pods-FileManagerSample.release.xcconfig */ = {isa = PBXFileReference; includeInIndex = 1; lastKnownFileType = text.xcconfig; name = "Pods-FileManagerSample.release.xcconfig"; path = "Target Support Files/Pods-FileManagerSample/Pods-FileManagerSample.release.xcconfig"; sourceTree = "<group>"; };
		CA1E2EC12283FA830079B8EE /* FileManagerSample.entitlements */ = {isa = PBXFileReference; lastKnownFileType = text.plist.entitlements; path = FileManagerSample.entitlements; sourceTree = "<group>"; };
		CACD96DA2283114D00FDA240 /* FileManagerSample.app */ = {isa = PBXFileReference; explicitFileType = wrapper.application; includeInIndex = 0; path = FileManagerSample.app; sourceTree = BUILT_PRODUCTS_DIR; };
		CACD96DD2283114D00FDA240 /* AppDelegate.swift */ = {isa = PBXFileReference; lastKnownFileType = sourcecode.swift; path = AppDelegate.swift; sourceTree = "<group>"; };
		CACD96DF2283114D00FDA240 /* ViewController.swift */ = {isa = PBXFileReference; lastKnownFileType = sourcecode.swift; path = ViewController.swift; sourceTree = "<group>"; };
		CACD96E22283114D00FDA240 /* Base */ = {isa = PBXFileReference; lastKnownFileType = file.storyboard; name = Base; path = Base.lproj/Main.storyboard; sourceTree = "<group>"; };
		CACD96E42283114D00FDA240 /* Assets.xcassets */ = {isa = PBXFileReference; lastKnownFileType = folder.assetcatalog; path = Assets.xcassets; sourceTree = "<group>"; };
		CACD96E72283114D00FDA240 /* Base */ = {isa = PBXFileReference; lastKnownFileType = file.storyboard; name = Base; path = Base.lproj/LaunchScreen.storyboard; sourceTree = "<group>"; };
		CACD96E92283114D00FDA240 /* Info.plist */ = {isa = PBXFileReference; lastKnownFileType = text.plist.xml; path = Info.plist; sourceTree = "<group>"; };
		CACD96EF2283126700FDA240 /* RealmDB.swift */ = {isa = PBXFileReference; lastKnownFileType = sourcecode.swift; path = RealmDB.swift; sourceTree = "<group>"; };
		CACD96F122832A2F00FDA240 /* CoreMethods.swift */ = {isa = PBXFileReference; lastKnownFileType = sourcecode.swift; path = CoreMethods.swift; sourceTree = "<group>"; };
		EE1D0587B35DD82118A54E78 /* Pods_FileManagerSample.framework */ = {isa = PBXFileReference; explicitFileType = wrapper.framework; includeInIndex = 0; path = Pods_FileManagerSample.framework; sourceTree = BUILT_PRODUCTS_DIR; };
/* End PBXFileReference section */

/* Begin PBXFrameworksBuildPhase section */
		CACD96D72283114D00FDA240 /* Frameworks */ = {
			isa = PBXFrameworksBuildPhase;
			buildActionMask = 2147483647;
			files = (
				42ACC3BC6118FE767603B9D3 /* Pods_FileManagerSample.framework in Frameworks */,
			);
			runOnlyForDeploymentPostprocessing = 0;
		};
/* End PBXFrameworksBuildPhase section */

/* Begin PBXGroup section */
		6F67D7DDAF1F8A3389555E97 /* Pods */ = {
			isa = PBXGroup;
			children = (
				856401F0A026A1C6AEF44BDB /* Pods-FileManagerSample.debug.xcconfig */,
				B615646E5E98AC3D6B60F0B2 /* Pods-FileManagerSample.release.xcconfig */,
			);
			path = Pods;
			sourceTree = "<group>";
		};
		C33A133C7F829DB44B51D872 /* Frameworks */ = {
			isa = PBXGroup;
			children = (
				EE1D0587B35DD82118A54E78 /* Pods_FileManagerSample.framework */,
			);
			name = Frameworks;
			sourceTree = "<group>";
		};
		CACD96D12283114D00FDA240 = {
			isa = PBXGroup;
			children = (
				CACD96DC2283114D00FDA240 /* FileManagerSample */,
				CACD96DB2283114D00FDA240 /* Products */,
				6F67D7DDAF1F8A3389555E97 /* Pods */,
				C33A133C7F829DB44B51D872 /* Frameworks */,
			);
			sourceTree = "<group>";
		};
		CACD96DB2283114D00FDA240 /* Products */ = {
			isa = PBXGroup;
			children = (
				CACD96DA2283114D00FDA240 /* FileManagerSample.app */,
			);
			name = Products;
			sourceTree = "<group>";
		};
		CACD96DC2283114D00FDA240 /* FileManagerSample */ = {
			isa = PBXGroup;
			children = (
				CA1E2EC12283FA830079B8EE /* FileManagerSample.entitlements */,
				CACD96DD2283114D00FDA240 /* AppDelegate.swift */,
				CACD96DF2283114D00FDA240 /* ViewController.swift */,
				CACD96EF2283126700FDA240 /* RealmDB.swift */,
				CACD96F122832A2F00FDA240 /* CoreMethods.swift */,
				CACD96E12283114D00FDA240 /* Main.storyboard */,
				CACD96E42283114D00FDA240 /* Assets.xcassets */,
				CACD96E62283114D00FDA240 /* LaunchScreen.storyboard */,
				CACD96E92283114D00FDA240 /* Info.plist */,
			);
			path = FileManagerSample;
			sourceTree = "<group>";
		};
/* End PBXGroup section */

/* Begin PBXNativeTarget section */
		CACD96D92283114D00FDA240 /* FileManagerSample */ = {
			isa = PBXNativeTarget;
			buildConfigurationList = CACD96EC2283114D00FDA240 /* Build configuration list for PBXNativeTarget "FileManagerSample" */;
			buildPhases = (
				B110D6D4BC11975145829BB5 /* [CP] Check Pods Manifest.lock */,
				CACD96D62283114D00FDA240 /* Sources */,
				CACD96D72283114D00FDA240 /* Frameworks */,
				CACD96D82283114D00FDA240 /* Resources */,
				477D1E33A3A5A3E3FB207285 /* [CP] Embed Pods Frameworks */,
			);
			buildRules = (
			);
			dependencies = (
			);
			name = FileManagerSample;
			productName = FileManagerSample;
			productReference = CACD96DA2283114D00FDA240 /* FileManagerSample.app */;
			productType = "com.apple.product-type.application";
		};
/* End PBXNativeTarget section */

/* Begin PBXProject section */
		CACD96D22283114D00FDA240 /* Project object */ = {
			isa = PBXProject;
			attributes = {
				LastSwiftUpdateCheck = 1020;
				LastUpgradeCheck = 1020;
				ORGANIZATIONNAME = "최용석";
				TargetAttributes = {
					CACD96D92283114D00FDA240 = {
						CreatedOnToolsVersion = 10.2.1;
						SystemCapabilities = {
							com.apple.BackgroundModes = {
								enabled = 1;
							};
							com.apple.Push = {
								enabled = 1;
							};
						};
					};
				};
			};
			buildConfigurationList = CACD96D52283114D00FDA240 /* Build configuration list for PBXProject "FileManagerSample" */;
			compatibilityVersion = "Xcode 9.3";
			developmentRegion = en;
			hasScannedForEncodings = 0;
			knownRegions = (
				en,
				Base,
			);
			mainGroup = CACD96D12283114D00FDA240;
			productRefGroup = CACD96DB2283114D00FDA240 /* Products */;
			projectDirPath = "";
			projectRoot = "";
			targets = (
				CACD96D92283114D00FDA240 /* FileManagerSample */,
			);
		};
/* End PBXProject section */

/* Begin PBXResourcesBuildPhase section */
		CACD96D82283114D00FDA240 /* Resources */ = {
			isa = PBXResourcesBuildPhase;
			buildActionMask = 2147483647;
			files = (
				CACD96E82283114D00FDA240 /* LaunchScreen.storyboard in Resources */,
				CACD96E52283114D00FDA240 /* Assets.xcassets in Resources */,
				CACD96E32283114D00FDA240 /* Main.storyboard in Resources */,
			);
			runOnlyForDeploymentPostprocessing = 0;
		};
/* End PBXResourcesBuildPhase section */

/* Begin PBXShellScriptBuildPhase section */
		477D1E33A3A5A3E3FB207285 /* [CP] Embed Pods Frameworks */ = {
			isa = PBXShellScriptBuildPhase;
			buildActionMask = 2147483647;
			files = (
			);
			inputFileListPaths = (
			);
			inputPaths = (
				"${PODS_ROOT}/Target Support Files/Pods-FileManagerSample/Pods-FileManagerSample-frameworks.sh",
				"${BUILT_PRODUCTS_DIR}/Realm/Realm.framework",
				"${BUILT_PRODUCTS_DIR}/RealmSwift/RealmSwift.framework",
			);
			name = "[CP] Embed Pods Frameworks";
			outputFileListPaths = (
			);
			outputPaths = (
				"${TARGET_BUILD_DIR}/${FRAMEWORKS_FOLDER_PATH}/Realm.framework",
				"${TARGET_BUILD_DIR}/${FRAMEWORKS_FOLDER_PATH}/RealmSwift.framework",
			);
			runOnlyForDeploymentPostprocessing = 0;
			shellPath = /bin/sh;
			shellScript = "\"${PODS_ROOT}/Target Support Files/Pods-FileManagerSample/Pods-FileManagerSample-frameworks.sh\"\n";
			showEnvVarsInLog = 0;
		};
		B110D6D4BC11975145829BB5 /* [CP] Check Pods Manifest.lock */ = {
			isa = PBXShellScriptBuildPhase;
			buildActionMask = 2147483647;
			files = (
			);
			inputFileListPaths = (
			);
			inputPaths = (
				"${PODS_PODFILE_DIR_PATH}/Podfile.lock",
				"${PODS_ROOT}/Manifest.lock",
			);
			name = "[CP] Check Pods Manifest.lock";
			outputFileListPaths = (
			);
			outputPaths = (
				"$(DERIVED_FILE_DIR)/Pods-FileManagerSample-checkManifestLockResult.txt",
			);
			runOnlyForDeploymentPostprocessing = 0;
			shellPath = /bin/sh;
			shellScript = "diff \"${PODS_PODFILE_DIR_PATH}/Podfile.lock\" \"${PODS_ROOT}/Manifest.lock\" > /dev/null\nif [ $? != 0 ] ; then\n    # print error to STDERR\n    echo \"error: The sandbox is not in sync with the Podfile.lock. Run 'pod install' or update your CocoaPods installation.\" >&2\n    exit 1\nfi\n# This output is used by Xcode 'outputs' to avoid re-running this script phase.\necho \"SUCCESS\" > \"${SCRIPT_OUTPUT_FILE_0}\"\n";
			showEnvVarsInLog = 0;
		};
/* End PBXShellScriptBuildPhase section */

/* Begin PBXSourcesBuildPhase section */
		CACD96D62283114D00FDA240 /* Sources */ = {
			isa = PBXSourcesBuildPhase;
			buildActionMask = 2147483647;
			files = (
				CACD96E02283114D00FDA240 /* ViewController.swift in Sources */,
				CACD96F222832A2F00FDA240 /* CoreMethods.swift in Sources */,
				CACD96F02283126700FDA240 /* RealmDB.swift in Sources */,
				CACD96DE2283114D00FDA240 /* AppDelegate.swift in Sources */,
			);
			runOnlyForDeploymentPostprocessing = 0;
		};
/* End PBXSourcesBuildPhase section */

/* Begin PBXVariantGroup section */
		CACD96E12283114D00FDA240 /* Main.storyboard */ = {
			isa = PBXVariantGroup;
			children = (
				CACD96E22283114D00FDA240 /* Base */,
			);
			name = Main.storyboard;
			sourceTree = "<group>";
		};
		CACD96E62283114D00FDA240 /* LaunchScreen.storyboard */ = {
			isa = PBXVariantGroup;
			children = (
				CACD96E72283114D00FDA240 /* Base */,
			);
			name = LaunchScreen.storyboard;
			sourceTree = "<group>";
		};
/* End PBXVariantGroup section */

/* Begin XCBuildConfiguration section */
		CACD96EA2283114D00FDA240 /* Debug */ = {
			isa = XCBuildConfiguration;
			buildSettings = {
				ALWAYS_SEARCH_USER_PATHS = NO;
				CLANG_ANALYZER_NONNULL = YES;
				CLANG_ANALYZER_NUMBER_OBJECT_CONVERSION = YES_AGGRESSIVE;
				CLANG_CXX_LANGUAGE_STANDARD = "gnu++14";
				CLANG_CXX_LIBRARY = "libc++";
				CLANG_ENABLE_MODULES = YES;
				CLANG_ENABLE_OBJC_ARC = YES;
				CLANG_ENABLE_OBJC_WEAK = YES;
				CLANG_WARN_BLOCK_CAPTURE_AUTORELEASING = YES;
				CLANG_WARN_BOOL_CONVERSION = YES;
				CLANG_WARN_COMMA = YES;
				CLANG_WARN_CONSTANT_CONVERSION = YES;
				CLANG_WARN_DEPRECATED_OBJC_IMPLEMENTATIONS = YES;
				CLANG_WARN_DIRECT_OBJC_ISA_USAGE = YES_ERROR;
				CLANG_WARN_DOCUMENTATION_COMMENTS = YES;
				CLANG_WARN_EMPTY_BODY = YES;
				CLANG_WARN_ENUM_CONVERSION = YES;
				CLANG_WARN_INFINITE_RECURSION = YES;
				CLANG_WARN_INT_CONVERSION = YES;
				CLANG_WARN_NON_LITERAL_NULL_CONVERSION = YES;
				CLANG_WARN_OBJC_IMPLICIT_RETAIN_SELF = YES;
				CLANG_WARN_OBJC_LITERAL_CONVERSION = YES;
				CLANG_WARN_OBJC_ROOT_CLASS = YES_ERROR;
				CLANG_WARN_RANGE_LOOP_ANALYSIS = YES;
				CLANG_WARN_STRICT_PROTOTYPES = YES;
				CLANG_WARN_SUSPICIOUS_MOVE = YES;
				CLANG_WARN_UNGUARDED_AVAILABILITY = YES_AGGRESSIVE;
				CLANG_WARN_UNREACHABLE_CODE = YES;
				CLANG_WARN__DUPLICATE_METHOD_MATCH = YES;
				CODE_SIGN_IDENTITY = "iPhone Developer";
				COPY_PHASE_STRIP = NO;
				DEBUG_INFORMATION_FORMAT = dwarf;
				ENABLE_STRICT_OBJC_MSGSEND = YES;
				ENABLE_TESTABILITY = YES;
				GCC_C_LANGUAGE_STANDARD = gnu11;
				GCC_DYNAMIC_NO_PIC = NO;
				GCC_NO_COMMON_BLOCKS = YES;
				GCC_OPTIMIZATION_LEVEL = 0;
				GCC_PREPROCESSOR_DEFINITIONS = (
					"DEBUG=1",
					"$(inherited)",
				);
				GCC_WARN_64_TO_32_BIT_CONVERSION = YES;
				GCC_WARN_ABOUT_RETURN_TYPE = YES_ERROR;
				GCC_WARN_UNDECLARED_SELECTOR = YES;
				GCC_WARN_UNINITIALIZED_AUTOS = YES_AGGRESSIVE;
				GCC_WARN_UNUSED_FUNCTION = YES;
				GCC_WARN_UNUSED_VARIABLE = YES;
				IPHONEOS_DEPLOYMENT_TARGET = 12.2;
				MTL_ENABLE_DEBUG_INFO = INCLUDE_SOURCE;
				MTL_FAST_MATH = YES;
				ONLY_ACTIVE_ARCH = YES;
				SDKROOT = iphoneos;
				SWIFT_ACTIVE_COMPILATION_CONDITIONS = DEBUG;
				SWIFT_OPTIMIZATION_LEVEL = "-Onone";
			};
			name = Debug;
		};
		CACD96EB2283114D00FDA240 /* Release */ = {
			isa = XCBuildConfiguration;
			buildSettings = {
				ALWAYS_SEARCH_USER_PATHS = NO;
				CLANG_ANALYZER_NONNULL = YES;
				CLANG_ANALYZER_NUMBER_OBJECT_CONVERSION = YES_AGGRESSIVE;
				CLANG_CXX_LANGUAGE_STANDARD = "gnu++14";
				CLANG_CXX_LIBRARY = "libc++";
				CLANG_ENABLE_MODULES = YES;
				CLANG_ENABLE_OBJC_ARC = YES;
				CLANG_ENABLE_OBJC_WEAK = YES;
				CLANG_WARN_BLOCK_CAPTURE_AUTORELEASING = YES;
				CLANG_WARN_BOOL_CONVERSION = YES;
				CLANG_WARN_COMMA = YES;
				CLANG_WARN_CONSTANT_CONVERSION = YES;
				CLANG_WARN_DEPRECATED_OBJC_IMPLEMENTATIONS = YES;
				CLANG_WARN_DIRECT_OBJC_ISA_USAGE = YES_ERROR;
				CLANG_WARN_DOCUMENTATION_COMMENTS = YES;
				CLANG_WARN_EMPTY_BODY = YES;
				CLANG_WARN_ENUM_CONVERSION = YES;
				CLANG_WARN_INFINITE_RECURSION = YES;
				CLANG_WARN_INT_CONVERSION = YES;
				CLANG_WARN_NON_LITERAL_NULL_CONVERSION = YES;
				CLANG_WARN_OBJC_IMPLICIT_RETAIN_SELF = YES;
				CLANG_WARN_OBJC_LITERAL_CONVERSION = YES;
				CLANG_WARN_OBJC_ROOT_CLASS = YES_ERROR;
				CLANG_WARN_RANGE_LOOP_ANALYSIS = YES;
				CLANG_WARN_STRICT_PROTOTYPES = YES;
				CLANG_WARN_SUSPICIOUS_MOVE = YES;
				CLANG_WARN_UNGUARDED_AVAILABILITY = YES_AGGRESSIVE;
				CLANG_WARN_UNREACHABLE_CODE = YES;
				CLANG_WARN__DUPLICATE_METHOD_MATCH = YES;
				CODE_SIGN_IDENTITY = "iPhone Developer";
				COPY_PHASE_STRIP = NO;
				DEBUG_INFORMATION_FORMAT = "dwarf-with-dsym";
				ENABLE_NS_ASSERTIONS = NO;
				ENABLE_STRICT_OBJC_MSGSEND = YES;
				GCC_C_LANGUAGE_STANDARD = gnu11;
				GCC_NO_COMMON_BLOCKS = YES;
				GCC_WARN_64_TO_32_BIT_CONVERSION = YES;
				GCC_WARN_ABOUT_RETURN_TYPE = YES_ERROR;
				GCC_WARN_UNDECLARED_SELECTOR = YES;
				GCC_WARN_UNINITIALIZED_AUTOS = YES_AGGRESSIVE;
				GCC_WARN_UNUSED_FUNCTION = YES;
				GCC_WARN_UNUSED_VARIABLE = YES;
				IPHONEOS_DEPLOYMENT_TARGET = 12.2;
				MTL_ENABLE_DEBUG_INFO = NO;
				MTL_FAST_MATH = YES;
				SDKROOT = iphoneos;
				SWIFT_COMPILATION_MODE = wholemodule;
				SWIFT_OPTIMIZATION_LEVEL = "-O";
				VALIDATE_PRODUCT = YES;
			};
			name = Release;
		};
		CACD96ED2283114D00FDA240 /* Debug */ = {
			isa = XCBuildConfiguration;
			baseConfigurationReference = 856401F0A026A1C6AEF44BDB /* Pods-FileManagerSample.debug.xcconfig */;
			buildSettings = {
				ASSETCATALOG_COMPILER_APPICON_NAME = AppIcon;
				CODE_SIGN_ENTITLEMENTS = FileManagerSample/FileManagerSample.entitlements;
				CODE_SIGN_STYLE = Automatic;
				DEVELOPMENT_TEAM = X947N5A32A;
				INFOPLIST_FILE = FileManagerSample/Info.plist;
				LD_RUNPATH_SEARCH_PATHS = (
					"$(inherited)",
					"@executable_path/Frameworks",
				);
				PRODUCT_BUNDLE_IDENTIFIER = com.clyksb0731.FileManagerSample;
				PRODUCT_NAME = "$(TARGET_NAME)";
				SWIFT_VERSION = 5.0;
				TARGETED_DEVICE_FAMILY = "1,2";
			};
			name = Debug;
		};
		CACD96EE2283114D00FDA240 /* Release */ = {
			isa = XCBuildConfiguration;
			baseConfigurationReference = B615646E5E98AC3D6B60F0B2 /* Pods-FileManagerSample.release.xcconfig */;
			buildSettings = {
				ASSETCATALOG_COMPILER_APPICON_NAME = AppIcon;
				CODE_SIGN_ENTITLEMENTS = FileManagerSample/FileManagerSample.entitlements;
				CODE_SIGN_STYLE = Automatic;
				DEVELOPMENT_TEAM = X947N5A32A;
				INFOPLIST_FILE = FileManagerSample/Info.plist;
				LD_RUNPATH_SEARCH_PATHS = (
					"$(inherited)",
					"@executable_path/Frameworks",
				);
				PRODUCT_BUNDLE_IDENTIFIER = com.clyksb0731.FileManagerSample;
				PRODUCT_NAME = "$(TARGET_NAME)";
				SWIFT_VERSION = 5.0;
				TARGETED_DEVICE_FAMILY = "1,2";
			};
			name = Release;
		};
/* End XCBuildConfiguration section */

/* Begin XCConfigurationList section */
		CACD96D52283114D00FDA240 /* Build configuration list for PBXProject "FileManagerSample" */ = {
			isa = XCConfigurationList;
			buildConfigurations = (
				CACD96EA2283114D00FDA240 /* Debug */,
				CACD96EB2283114D00FDA240 /* Release */,
			);
			defaultConfigurationIsVisible = 0;
			defaultConfigurationName = Release;
		};
		CACD96EC2283114D00FDA240 /* Build configuration list for PBXNativeTarget "FileManagerSample" */ = {
			isa = XCConfigurationList;
			buildConfigurations = (
				CACD96ED2283114D00FDA240 /* Debug */,
				CACD96EE2283114D00FDA240 /* Release */,
			);
			defaultConfigurationIsVisible = 0;
			defaultConfigurationName = Release;
		};
/* End XCConfigurationList section */
	};
	rootObject = CACD96D22283114D00FDA240 /* Project object */;
}
